
Microsoft Visual Studio Solution File, Format Version 12.00
# Visual Studio 15
VisualStudioVersion = 15.0.28307.168
MinimumVisualStudioVersion = 10.0.40219.1
Project("{8BC9CEB8-8B4A-11D0-8D11-00A0C91BC942}") = "VRChatRPC", "VRChatRPC.vcxproj", "{F625B8D3-7C37-4C38-A10C-C197CD27DFE2}"
EndProject
Global
	GlobalSection(SolutionConfigurationPlatforms) = preSolution
		Debug|x64 = Debug|x64
		Debug|x86 = Debug|x86
		Release|x64 = Release|x64
		Release|x86 = Release|x86
	EndGlobalSection
	GlobalSection(ProjectConfigurationPlatforms) = postSolution
		{F625B8D3-7C37-4C38-A10C-C197CD27DFE2}.Debug|x64.ActiveCfg = Debug|x64
		{F625B8D3-7C37-4C38-A10C-C197CD27DFE2}.Debug|x64.Build.0 = Debug|x64
		{F625B8D3-7C37-4C38-A10C-C197CD27DFE2}.Debug|x86.ActiveCfg = Debug|Win32
		{F625B8D3-7C37-4C38-A10C-C197CD27DFE2}.Debug|x86.Build.0 = Debug|Win32
		{F625B8D3-7C37-4C38-A10C-C197CD27DFE2}.Release|x64.ActiveCfg = Release|x64
		{F625B8D3-7C37-4C38-A10C-C197CD27DFE2}.Release|x64.Build.0 = Release|x64
		{F625B8D3-7C37-4C38-A10C-C197CD27DFE2}.Release|x86.ActiveCfg = Release|Win32
		{F625B8D3-7C37-4C38-A10C-C197CD27DFE2}.Release|x86.Build.0 = Release|Win32
	EndGlobalSection
	GlobalSection(SolutionProperties) = preSolution
		HideSolutionNode = FALSE
	EndGlobalSection
	GlobalSection(ExtensibilityGlobals) = postSolution
		SolutionGuid = {B91CBCCA-3E11-41A5-8839-F548DE4D7AB2}
	EndGlobalSection
EndGlobal
